# This file is automatically @generated by Wally.
# It is not intended for manual editing.
registry = "test"

[[package]]
name = "destruction-studios/loot-table"
version = "0.0.1"
dependencies = [["UniqueKey", "destruction-studios/uniquekey@1.0.4"]]

[[package]]
name = "destruction-studios/uniquekey"
version = "1.0.4"
dependencies = []
